github.com/bitrise-io/go-steputils/v2 v2.0.0-alpha.26 h1:trHf0s8Dmp9hfyvMyfCo0ruCI5lUgLf6La2i2LOoKIo=
github.com/bitrise-io/go-steputils/v2 v2.0.0-alpha.26/go.mod h1:aS6TO1DpbWJoBuAlvmpS/I/FU97C71wv1F/+p+kVrCk=
github.com/bitrise-io/go-utils/v2 v2.0.0-alpha.26 h1:meDTxqONXlQv2JmOcEbJj5Wx7WcuwpHRsP5MUob1NCQ=
github.com/bitrise-io/go-utils/v2 v2.0.0-alpha.26/go.mod h1:3XUplo0dOWc3DqT2XA2SeHToDSg7+j1y1HTHibT2H68=
github.com/davecgh/go-spew v1.1.1 h1:vj9j/u1bqnvCEfJOwUhtlOARqs3+rkHYY13jYWTU97c=
github.com/kballard/go-shellquote v0.0.0-20180428030007-95032a82bc51 h1:Z9n2FFNUXsshfwJMBgNA0RU6/i7WVaAegv3PtuIHPMs=
github.com/kballard/go-shellquote v0.0.0-20180428030007-95032a82bc51/go.mod h1:CzGEWj7cYgsdH8dAjBGEr58BoE7ScuLd+fwFZ44+/x8=
github.com/pmezard/go-difflib v1.0.0 h1:4DBwDE0NGyQoBHbLQYPwSUPoCMWR5BEzIk/f1lZbAQM=
github.com/stretchr/objx v0.5.2 h1:xuMeJ0Sdp5ZMRXx/aWO6RZxdr3beISkG5/G/aIRr3pY=
github.com/stretchr/testify v1.9.0 h1:HtqpIVDClZ4nwg75+f6Lvsy/wHu+3BoSGCbBAcpTsTg=
gopkg.in/yaml.v3 v3.0.1 h1:fxVm/GzAzEWqLHuvctI91KS9hhNmmWOoWu0XTYJS7CA=
