# This file is autogenerated, do not edit; changes may be undone by the next 'dep ensure'.


[[projects]]
  branch = "master"
  digest = "1:43b082cf688ce011c5d2b0b7e81d610911e02209fb6ee2e3d206280f560499f1"
  name = "github.com/bitrise-io/go-utils"
  packages = [
    "colorstring",
    "command",
    "errorutil",
    "fileutil",
    "log",
    "parseutil",
    "pathutil",
    "pointers",
  ]
  pruneopts = "UT"
  revision = "d1de0dbcb811588e61362aff67bb700b93c13c17"

[[projects]]
  branch = "master"
  digest = "1:af7ba84c2a92fb5819d5fe643dfaed48cb6b8704914efe8d8644875b1432e413"
  name = "github.com/bitrise-tools/go-steputils"
  packages = [
    "cache",
    "stepconf",
    "tools",
  ]
  pruneopts = "UT"
  revision = "ec226b2359fcd806be64f0ad2217d8e741a1ff11"

[[projects]]
  branch = "master"
  digest = "1:14f3dc47ce9fec6a2696a28cf21ffd5aef579584897acfdeb0190bc8cf7b1132"
  name = "github.com/hashicorp/go-version"
  packages = ["."]
  pruneopts = "UT"
  revision = "192140e6f3e645d971b134d4e35b5191adb9dfd3"

[[projects]]
  branch = "master"
  digest = "1:400e113a367b511b9b09ca642ee11d9885485a93838526d697033af334a2fdde"
  name = "github.com/kballard/go-shellquote"
  packages = ["."]
  pruneopts = "UT"
  revision = "95032a82bc518f77982ea72343cc1ade730072f0"

[solve-meta]
  analyzer-name = "dep"
  analyzer-version = 1
  input-imports = [
    "github.com/bitrise-io/go-utils/command",
    "github.com/bitrise-io/go-utils/errorutil",
    "github.com/bitrise-io/go-utils/fileutil",
    "github.com/bitrise-io/go-utils/log",
    "github.com/bitrise-io/go-utils/pathutil",
    "github.com/bitrise-tools/go-steputils/cache",
    "github.com/bitrise-tools/go-steputils/stepconf",
    "github.com/hashicorp/go-version",
    "github.com/kballard/go-shellquote",
  ]
  solver-name = "gps-cdcl"
  solver-version = 1
